
Microsoft Visual Studio Solution File, Format Version 12.00
# Visual Studio Version 17
VisualStudioVersion = 17.0.31903.59
MinimumVisualStudioVersion = 10.0.40219.1
Project("{2150E333-8FDC-42A3-9474-1A3956D46DE8}") = "src", "src", "{545B8947-7A53-4F37-9D93-13F2E4F88384}"
EndProject
Project("{FAE04EC0-301F-11D3-BF4B-00C04F79EFBC}") = "SmartPOS.Shared", "src\SmartPOS.Shared\SmartPOS.Shared.csproj", "{B603F0C2-2EEA-4144-9E16-4A013964E042}"
EndProject
Project("{FAE04EC0-301F-11D3-BF4B-00C04F79EFBC}") = "SmartPOS.Domain", "src\SmartPOS.Domain\SmartPOS.Domain.csproj", "{432D3067-EB86-4AE9-A5AA-B2E486DC4241}"
EndProject
Project("{FAE04EC0-301F-11D3-BF4B-00C04F79EFBC}") = "SmartPOS.Application", "src\SmartPOS.Application\SmartPOS.Application.csproj", "{F7984399-4C33-4013-A5DA-662E364D7E64}"
EndProject
Project("{FAE04EC0-301F-11D3-BF4B-00C04F79EFBC}") = "SmartPOS.Database", "src\SmartPOS.Database\SmartPOS.Database.csproj", "{95BB19E8-E56E-4457-8801-B5CC9EBB1B0B}"
EndProject
Project("{FAE04EC0-301F-11D3-BF4B-00C04F79EFBC}") = "SmartPOS.Infrastructure", "src\SmartPOS.Infrastructure\SmartPOS.Infrastructure.csproj", "{86DB4FBF-C813-4CC7-8A27-8BD817E88CDA}"
EndProject
Project("{FAE04EC0-301F-11D3-BF4B-00C04F79EFBC}") = "SmartPOS.Reporting", "src\SmartPOS.Reporting\SmartPOS.Reporting.csproj", "{134D366B-F3F9-4B85-A7C9-FEFE1A9EFF8F}"
EndProject
Project("{FAE04EC0-301F-11D3-BF4B-00C04F79EFBC}") = "SmartPOS.Printing", "src\SmartPOS.Printing\SmartPOS.Printing.csproj", "{5DAE788F-3395-4567-9D72-1B5CC7E4E14C}"
EndProject
Project("{FAE04EC0-301F-11D3-BF4B-00C04F79EFBC}") = "SmartPOS.Barcode", "src\SmartPOS.Barcode\SmartPOS.Barcode.csproj", "{967BF3E7-989C-4A0D-9C3C-B9E56D3790D5}"
EndProject
Project("{FAE04EC0-301F-11D3-BF4B-00C04F79EFBC}") = "SmartPOS.Backup", "src\SmartPOS.Backup\SmartPOS.Backup.csproj", "{7A343939-7E3E-4BAA-9020-54ED599402BE}"
EndProject
Project("{FAE04EC0-301F-11D3-BF4B-00C04F79EFBC}") = "SmartPOS.UI", "src\SmartPOS.UI\SmartPOS.UI.csproj", "{862240E8-92D2-4B2C-B0BE-F009DFA1A039}"
EndProject
Project("{FAE04EC0-301F-11D3-BF4B-00C04F79EFBC}") = "SmartPOS.Tests", "src\SmartPOS.Tests\SmartPOS.Tests.csproj", "{0A4DECAF-06A8-46DC-8076-841378E4ABE8}"
EndProject
Global
	GlobalSection(SolutionConfigurationPlatforms) = preSolution
		Debug|Any CPU = Debug|Any CPU
		Release|Any CPU = Release|Any CPU
	EndGlobalSection
	GlobalSection(SolutionProperties) = preSolution
		HideSolutionNode = FALSE
	EndGlobalSection
	GlobalSection(ProjectConfigurationPlatforms) = postSolution
		{B603F0C2-2EEA-4144-9E16-4A013964E042}.Debug|Any CPU.ActiveCfg = Debug|Any CPU
		{B603F0C2-2EEA-4144-9E16-4A013964E042}.Debug|Any CPU.Build.0 = Debug|Any CPU
		{B603F0C2-2EEA-4144-9E16-4A013964E042}.Release|Any CPU.ActiveCfg = Release|Any CPU
		{B603F0C2-2EEA-4144-9E16-4A013964E042}.Release|Any CPU.Build.0 = Release|Any CPU
		{432D3067-EB86-4AE9-A5AA-B2E486DC4241}.Debug|Any CPU.ActiveCfg = Debug|Any CPU
		{432D3067-EB86-4AE9-A5AA-B2E486DC4241}.Debug|Any CPU.Build.0 = Debug|Any CPU
		{432D3067-EB86-4AE9-A5AA-B2E486DC4241}.Release|Any CPU.ActiveCfg = Release|Any CPU
		{432D3067-EB86-4AE9-A5AA-B2E486DC4241}.Release|Any CPU.Build.0 = Release|Any CPU
		{F7984399-4C33-4013-A5DA-662E364D7E64}.Debug|Any CPU.ActiveCfg = Debug|Any CPU
		{F7984399-4C33-4013-A5DA-662E364D7E64}.Debug|Any CPU.Build.0 = Debug|Any CPU
		{F7984399-4C33-4013-A5DA-662E364D7E64}.Release|Any CPU.ActiveCfg = Release|Any CPU
		{F7984399-4C33-4013-A5DA-662E364D7E64}.Release|Any CPU.Build.0 = Release|Any CPU
		{95BB19E8-E56E-4457-8801-B5CC9EBB1B0B}.Debug|Any CPU.ActiveCfg = Debug|Any CPU
		{95BB19E8-E56E-4457-8801-B5CC9EBB1B0B}.Debug|Any CPU.Build.0 = Debug|Any CPU
		{95BB19E8-E56E-4457-8801-B5CC9EBB1B0B}.Release|Any CPU.ActiveCfg = Release|Any CPU
		{95BB19E8-E56E-4457-8801-B5CC9EBB1B0B}.Release|Any CPU.Build.0 = Release|Any CPU
		{86DB4FBF-C813-4CC7-8A27-8BD817E88CDA}.Debug|Any CPU.ActiveCfg = Debug|Any CPU
		{86DB4FBF-C813-4CC7-8A27-8BD817E88CDA}.Debug|Any CPU.Build.0 = Debug|Any CPU
		{86DB4FBF-C813-4CC7-8A27-8BD817E88CDA}.Release|Any CPU.ActiveCfg = Release|Any CPU
		{86DB4FBF-C813-4CC7-8A27-8BD817E88CDA}.Release|Any CPU.Build.0 = Release|Any CPU
		{134D366B-F3F9-4B85-A7C9-FEFE1A9EFF8F}.Debug|Any CPU.ActiveCfg = Debug|Any CPU
		{134D366B-F3F9-4B85-A7C9-FEFE1A9EFF8F}.Debug|Any CPU.Build.0 = Debug|Any CPU
		{134D366B-F3F9-4B85-A7C9-FEFE1A9EFF8F}.Release|Any CPU.ActiveCfg = Release|Any CPU
		{134D366B-F3F9-4B85-A7C9-FEFE1A9EFF8F}.Release|Any CPU.Build.0 = Release|Any CPU
		{5DAE788F-3395-4567-9D72-1B5CC7E4E14C}.Debug|Any CPU.ActiveCfg = Debug|Any CPU
		{5DAE788F-3395-4567-9D72-1B5CC7E4E14C}.Debug|Any CPU.Build.0 = Debug|Any CPU
		{5DAE788F-3395-4567-9D72-1B5CC7E4E14C}.Release|Any CPU.ActiveCfg = Release|Any CPU
		{5DAE788F-3395-4567-9D72-1B5CC7E4E14C}.Release|Any CPU.Build.0 = Release|Any CPU
		{967BF3E7-989C-4A0D-9C3C-B9E56D3790D5}.Debug|Any CPU.ActiveCfg = Debug|Any CPU
		{967BF3E7-989C-4A0D-9C3C-B9E56D3790D5}.Debug|Any CPU.Build.0 = Debug|Any CPU
		{967BF3E7-989C-4A0D-9C3C-B9E56D3790D5}.Release|Any CPU.ActiveCfg = Release|Any CPU
		{967BF3E7-989C-4A0D-9C3C-B9E56D3790D5}.Release|Any CPU.Build.0 = Release|Any CPU
		{7A343939-7E3E-4BAA-9020-54ED599402BE}.Debug|Any CPU.ActiveCfg = Debug|Any CPU
		{7A343939-7E3E-4BAA-9020-54ED599402BE}.Debug|Any CPU.Build.0 = Debug|Any CPU
		{7A343939-7E3E-4BAA-9020-54ED599402BE}.Release|Any CPU.ActiveCfg = Release|Any CPU
		{7A343939-7E3E-4BAA-9020-54ED599402BE}.Release|Any CPU.Build.0 = Release|Any CPU
		{862240E8-92D2-4B2C-B0BE-F009DFA1A039}.Debug|Any CPU.ActiveCfg = Debug|Any CPU
		{862240E8-92D2-4B2C-B0BE-F009DFA1A039}.Debug|Any CPU.Build.0 = Debug|Any CPU
		{862240E8-92D2-4B2C-B0BE-F009DFA1A039}.Release|Any CPU.ActiveCfg = Release|Any CPU
		{862240E8-92D2-4B2C-B0BE-F009DFA1A039}.Release|Any CPU.Build.0 = Release|Any CPU
		{0A4DECAF-06A8-46DC-8076-841378E4ABE8}.Debug|Any CPU.ActiveCfg = Debug|Any CPU
		{0A4DECAF-06A8-46DC-8076-841378E4ABE8}.Debug|Any CPU.Build.0 = Debug|Any CPU
		{0A4DECAF-06A8-46DC-8076-841378E4ABE8}.Release|Any CPU.ActiveCfg = Release|Any CPU
		{0A4DECAF-06A8-46DC-8076-841378E4ABE8}.Release|Any CPU.Build.0 = Release|Any CPU
	EndGlobalSection
	GlobalSection(NestedProjects) = preSolution
		{B603F0C2-2EEA-4144-9E16-4A013964E042} = {545B8947-7A53-4F37-9D93-13F2E4F88384}
		{432D3067-EB86-4AE9-A5AA-B2E486DC4241} = {545B8947-7A53-4F37-9D93-13F2E4F88384}
		{F7984399-4C33-4013-A5DA-662E364D7E64} = {545B8947-7A53-4F37-9D93-13F2E4F88384}
		{95BB19E8-E56E-4457-8801-B5CC9EBB1B0B} = {545B8947-7A53-4F37-9D93-13F2E4F88384}
		{86DB4FBF-C813-4CC7-8A27-8BD817E88CDA} = {545B8947-7A53-4F37-9D93-13F2E4F88384}
		{134D366B-F3F9-4B85-A7C9-FEFE1A9EFF8F} = {545B8947-7A53-4F37-9D93-13F2E4F88384}
		{5DAE788F-3395-4567-9D72-1B5CC7E4E14C} = {545B8947-7A53-4F37-9D93-13F2E4F88384}
		{967BF3E7-989C-4A0D-9C3C-B9E56D3790D5} = {545B8947-7A53-4F37-9D93-13F2E4F88384}
		{7A343939-7E3E-4BAA-9020-54ED599402BE} = {545B8947-7A53-4F37-9D93-13F2E4F88384}
		{862240E8-92D2-4B2C-B0BE-F009DFA1A039} = {545B8947-7A53-4F37-9D93-13F2E4F88384}
		{0A4DECAF-06A8-46DC-8076-841378E4ABE8} = {545B8947-7A53-4F37-9D93-13F2E4F88384}
	EndGlobalSection
EndGlobal
